
Microsoft Visual Studio Solution File, Format Version 12.00
# Visual Studio 15
VisualStudioVersion = 15.0.27130.2010
MinimumVisualStudioVersion = 10.0.40219.1
Project("{FAE04EC0-301F-11D3-BF4B-00C04F79EFBC}") = "Stack", "Stack\Stack.csproj", "{4C59E381-EEBD-46CB-9CA8-E42ADBC91FAB}"
EndProject
Global
	GlobalSection(SolutionConfigurationPlatforms) = preSolution
		Debug|Any CPU = Debug|Any CPU
		Release|Any CPU = Release|Any CPU
	EndGlobalSection
	GlobalSection(ProjectConfigurationPlatforms) = postSolution
		{4C59E381-EEBD-46CB-9CA8-E42ADBC91FAB}.Debug|Any CPU.ActiveCfg = Debug|Any CPU
		{4C59E381-EEBD-46CB-9CA8-E42ADBC91FAB}.Debug|Any CPU.Build.0 = Debug|Any CPU
		{4C59E381-EEBD-46CB-9CA8-E42ADBC91FAB}.Release|Any CPU.ActiveCfg = Release|Any CPU
		{4C59E381-EEBD-46CB-9CA8-E42ADBC91FAB}.Release|Any CPU.Build.0 = Release|Any CPU
	EndGlobalSection
	GlobalSection(SolutionProperties) = preSolution
		HideSolutionNode = FALSE
	EndGlobalSection
	GlobalSection(ExtensibilityGlobals) = postSolution
		SolutionGuid = {B9F13042-F6EE-4E57-BFF8-D4CA94CC19C8}
	EndGlobalSection
EndGlobal
